
Microsoft Visual Studio Solution File, Format Version 12.00
# Visual Studio 15
VisualStudioVersion = 15.0.28010.0
MinimumVisualStudioVersion = 10.0.40219.1
Project("{FAE04EC0-301F-11D3-BF4B-00C04F79EFBC}") = "QuanLyGiaoVien", "QuanLyGiaoVien\QuanLyGiaoVien.csproj", "{4495CD36-29BA-46AC-9AD1-AEF4FB5AC50D}"
EndProject
Project("{FAE04EC0-301F-11D3-BF4B-00C04F79EFBC}") = "DTO", "DTO\DTO.csproj", "{AF70B055-D292-4FA0-B2C0-29DCBA0E8EE1}"
EndProject
Project("{FAE04EC0-301F-11D3-BF4B-00C04F79EFBC}") = "DAL", "DAL\DAL.csproj", "{1A694511-BC9E-45B6-A7B8-8EAC701CCFF2}"
EndProject
Project("{FAE04EC0-301F-11D3-BF4B-00C04F79EFBC}") = "BUS", "BUS\BUS.csproj", "{BC05D2C9-58A1-4809-8504-36C00DDAE5A7}"
EndProject
Global
	GlobalSection(SolutionConfigurationPlatforms) = preSolution
		Debug|Any CPU = Debug|Any CPU
		Release|Any CPU = Release|Any CPU
	EndGlobalSection
	GlobalSection(ProjectConfigurationPlatforms) = postSolution
		{4495CD36-29BA-46AC-9AD1-AEF4FB5AC50D}.Debug|Any CPU.ActiveCfg = Debug|Any CPU
		{4495CD36-29BA-46AC-9AD1-AEF4FB5AC50D}.Debug|Any CPU.Build.0 = Debug|Any CPU
		{4495CD36-29BA-46AC-9AD1-AEF4FB5AC50D}.Release|Any CPU.ActiveCfg = Release|Any CPU
		{4495CD36-29BA-46AC-9AD1-AEF4FB5AC50D}.Release|Any CPU.Build.0 = Release|Any CPU
		{AF70B055-D292-4FA0-B2C0-29DCBA0E8EE1}.Debug|Any CPU.ActiveCfg = Debug|Any CPU
		{AF70B055-D292-4FA0-B2C0-29DCBA0E8EE1}.Debug|Any CPU.Build.0 = Debug|Any CPU
		{AF70B055-D292-4FA0-B2C0-29DCBA0E8EE1}.Release|Any CPU.ActiveCfg = Release|Any CPU
		{AF70B055-D292-4FA0-B2C0-29DCBA0E8EE1}.Release|Any CPU.Build.0 = Release|Any CPU
		{1A694511-BC9E-45B6-A7B8-8EAC701CCFF2}.Debug|Any CPU.ActiveCfg = Debug|Any CPU
		{1A694511-BC9E-45B6-A7B8-8EAC701CCFF2}.Debug|Any CPU.Build.0 = Debug|Any CPU
		{1A694511-BC9E-45B6-A7B8-8EAC701CCFF2}.Release|Any CPU.ActiveCfg = Release|Any CPU
		{1A694511-BC9E-45B6-A7B8-8EAC701CCFF2}.Release|Any CPU.Build.0 = Release|Any CPU
		{BC05D2C9-58A1-4809-8504-36C00DDAE5A7}.Debug|Any CPU.ActiveCfg = Debug|Any CPU
		{BC05D2C9-58A1-4809-8504-36C00DDAE5A7}.Debug|Any CPU.Build.0 = Debug|Any CPU
		{BC05D2C9-58A1-4809-8504-36C00DDAE5A7}.Release|Any CPU.ActiveCfg = Release|Any CPU
		{BC05D2C9-58A1-4809-8504-36C00DDAE5A7}.Release|Any CPU.Build.0 = Release|Any CPU
	EndGlobalSection
	GlobalSection(SolutionProperties) = preSolution
		HideSolutionNode = FALSE
	EndGlobalSection
	GlobalSection(ExtensibilityGlobals) = postSolution
		SolutionGuid = {4FF953D6-73AE-40FA-A5FE-F26D627F5CD8}
	EndGlobalSection
EndGlobal
